# THIS IS AN AUTOGENERATED FILE. DO NOT EDIT THIS FILE DIRECTLY.
# yarn lockfile v1


bootstrap@^4.3.1:
  version "4.3.1"
  resolved "https://registry.yarnpkg.com/bootstrap/-/bootstrap-4.3.1.tgz#280ca8f610504d99d7b6b4bfc4b68cec601704ac"
  integrity sha512-rXqOmH1VilAt2DyPzluTi2blhk17bO7ef+zLLPlWvG494pDxcM234pJ8wTc/6R40UWizAIIMgxjvxZg5kmsbag==

flatpickr@^4.5.2:
  version "4.6.3"
  resolved "https://registry.yarnpkg.com/flatpickr/-/flatpickr-4.6.3.tgz#15a8b76b6e34e3a072861250503a5995b9d3bc60"
  integrity sha512-007VucCkqNOMMb9ggRLNuJowwaJcyOh4sKAFcdGfahfGc7JQbf94zSzjdBq/wVyHWUEs5o3+idhFZ0wbZMRmVQ==

glyphicons@^0.2.0:
  version "0.2.0"
  resolved "https://registry.yarnpkg.com/glyphicons/-/glyphicons-0.2.0.tgz#291d8ec974993a9fc88a72b58d540daf550da399"
  integrity sha1-KR2OyXSZOp/IinK1jVQNr1UNo5k=

jquery-form@^4.2.2:
  version "4.2.2"
  resolved "https://registry.yarnpkg.com/jquery-form/-/jquery-form-4.2.2.tgz#9f96fb141ec9cbe0cdaf58b4d3f1dcbb009cdd52"
  integrity sha512-HJTef7DRBSg8ge/RNUw8rUTTtB3l8ozO0OhD16AzDl+eIXp4skgCqRTd9fYPsOzL+pN6+1B9wvbTLGjgikz8Tg==
  dependencies:
    jquery ">=1.7.2"

jquery@>=1.7.2, jquery@^3.4.0:
  version "3.4.1"
  resolved "https://registry.yarnpkg.com/jquery/-/jquery-3.4.1.tgz#714f1f8d9dde4bdfa55764ba37ef214630d80ef2"
  integrity sha512-36+AdBzCL+y6qjw5Tx7HgzeGCzC81MDDgaUP8ld2zhx58HdqXGoBd+tHdrBMiyjGQs0Hxs/MLZTu/eHNJJuWPw==

popper.js@^1.14.4:
  version "1.16.0"
  resolved "https://registry.yarnpkg.com/popper.js/-/popper.js-1.16.0.tgz#2e1816bcbbaa518ea6c2e15a466f4cb9c6e2fbb3"
  integrity sha512-+G+EkOPoE5S/zChTpmBSSDYmhXJ5PsW8eMhH8cP/CQHMFPBG/kC9Y5IIw6qNYgdJ+/COf0ddY2li28iHaZRSjw==

salvattore@^1.0.9:
  version "1.0.9"
  resolved "https://registry.yarnpkg.com/salvattore/-/salvattore-1.0.9.tgz#b75777850cc6f2a690157c8b852aa99fd18a1291"
  integrity sha1-t1d3hQzG8qaQFXyLhSqpn9GKEpE=

summernote@^0.8.10:
  version "0.8.12"
  resolved "https://registry.yarnpkg.com/summernote/-/summernote-0.8.12.tgz#563502ed882abde9daab9db1e7eba330d37ac020"
  integrity sha512-RVEJoIyztwPpopTwZvjag1WOvbmhUGFe6Mc9RADzzcX1ogG8pIXCB88icu/vjNYihITrzj2zZsoFMcDRHSlhEA==
